Microsoft Visual Studio Solution File, Format Version 12.00
# Visual Studio Version 17
VisualStudioVersion = 17.2.32616.157
MinimumVisualStudioVersion = 10.0.40219.1
Project("{9A19103F-16F7-4668-BE54-9A1E7A4F7556}") = "OlatAccessibilityApp", "OlatAccessibilityApp.csproj", "{8E12B872-C7CC-4A3D-8AFB-49205CB3C678}"
EndProject
Global
	GlobalSection(SolutionConfigurationPlatforms) = preSolution
		Debug|x64 = Debug|x64
		Release|x64 = Release|x64
	EndGlobalSection
	GlobalSection(ProjectConfigurationPlatforms) = postSolution
		{8E12B872-C7CC-4A3D-8AFB-49205CB3C678}.Debug|x64.ActiveCfg = Debug|x64
		{8E12B872-C7CC-4A3D-8AFB-49205CB3C678}.Debug|x64.Build.0 = Debug|x64
		{8E12B872-C7CC-4A3D-8AFB-49205CB3C678}.Release|x64.ActiveCfg = Release|x64
		{8E12B872-C7CC-4A3D-8AFB-49205CB3C678}.Release|x64.Build.0 = Release|x64
	EndGlobalSection
	GlobalSection(SolutionProperties) = preSolution
		HideSolutionNode = FALSE
	EndGlobalSection
	GlobalSection(ExtensibilityGlobals) = postSolution
		SolutionGuid = {481C9413-6B94-4C3F-8C63-5CE4E870C60C}
	EndGlobalSection
EndGlobal
